
Microsoft Visual Studio Solution File, Format Version 12.00
# Visual Studio 15
Project("{FAE04EC0-301F-11D3-BF4B-00C04F79EFBC}") = "lab-03", "lab-03.csproj", "{73EDB282-DB5A-4B81-874A-9E116F405FED}"
EndProject
Global
	GlobalSection(SolutionConfigurationPlatforms) = preSolution
		Debug|anycpu = Debug|anycpu
		Release|anycpu = Release|anycpu
	EndGlobalSection
	GlobalSection(ProjectConfigurationPlatforms) = postSolution
		{73EDB282-DB5A-4B81-874A-9E116F405FED}.Debug|anycpu.ActiveCfg = Debug|anycpu
		{73EDB282-DB5A-4B81-874A-9E116F405FED}.Debug|anycpu.Build.0 = Debug|anycpu
		{73EDB282-DB5A-4B81-874A-9E116F405FED}.Release|anycpu.ActiveCfg = Release|anycpu
		{73EDB282-DB5A-4B81-874A-9E116F405FED}.Release|anycpu.Build.0 = Release|anycpu
	EndGlobalSection
EndGlobal
